
Microsoft Visual Studio Solution File, Format Version 12.00
# Visual Studio 14
VisualStudioVersion = 14.0.25123.0
MinimumVisualStudioVersion = 10.0.40219.1
Project("{FAE04EC0-301F-11D3-BF4B-00C04F79EFBC}") = "Spaceship2016", "Spaceship2016\Spaceship2016.csproj", "{A6658087-82CB-4087-B7BC-F503BDEA72F6}"
EndProject
Global
	GlobalSection(SolutionConfigurationPlatforms) = preSolution
		Debug|Any CPU = Debug|Any CPU
		Release|Any CPU = Release|Any CPU
	EndGlobalSection
	GlobalSection(ProjectConfigurationPlatforms) = postSolution
		{A6658087-82CB-4087-B7BC-F503BDEA72F6}.Debug|Any CPU.ActiveCfg = Debug|Any CPU
		{A6658087-82CB-4087-B7BC-F503BDEA72F6}.Debug|Any CPU.Build.0 = Debug|Any CPU
		{A6658087-82CB-4087-B7BC-F503BDEA72F6}.Release|Any CPU.ActiveCfg = Release|Any CPU
		{A6658087-82CB-4087-B7BC-F503BDEA72F6}.Release|Any CPU.Build.0 = Release|Any CPU
	EndGlobalSection
	GlobalSection(SolutionProperties) = preSolution
		HideSolutionNode = FALSE
	EndGlobalSection
EndGlobal
